
Microsoft Visual Studio Solution File, Format Version 12.00
# Visual Studio 15
VisualStudioVersion = 15.0.26730.16
MinimumVisualStudioVersion = 10.0.40219.1
Project("{FAE04EC0-301F-11D3-BF4B-00C04F79EFBC}") = "Adfc.VisualStudio.Extension.VS2017", "src\Adfc.VisualStudio.Extension.VS2017\Adfc.VisualStudio.Extension.VS2017.csproj", "{2DEC9B7D-CB79-4E83-9EB0-1CE318C77375}"
EndProject
Project("{FAE04EC0-301F-11D3-BF4B-00C04F79EFBC}") = "Adfc.VisualStudio.Template.Json", "src\Adfc.VisualStudio.Template.Json\Adfc.VisualStudio.Template.Json.csproj", "{B4C58F67-DC2A-4773-A6C7-D119D50CC009}"
EndProject
Project("{FAE04EC0-301F-11D3-BF4B-00C04F79EFBC}") = "Adfc.VisualStudio.Template.Project", "src\Adfc.VisualStudio.Template.Project\Adfc.VisualStudio.Template.Project.csproj", "{81776242-2FEF-43C4-BEE9-CEC622E84DC9}"
EndProject
Global
	GlobalSection(SolutionConfigurationPlatforms) = preSolution
		Debug|Any CPU = Debug|Any CPU
		Release|Any CPU = Release|Any CPU
	EndGlobalSection
	GlobalSection(ProjectConfigurationPlatforms) = postSolution
		{2DEC9B7D-CB79-4E83-9EB0-1CE318C77375}.Debug|Any CPU.ActiveCfg = Debug|Any CPU
		{2DEC9B7D-CB79-4E83-9EB0-1CE318C77375}.Debug|Any CPU.Build.0 = Debug|Any CPU
		{2DEC9B7D-CB79-4E83-9EB0-1CE318C77375}.Release|Any CPU.ActiveCfg = Release|Any CPU
		{2DEC9B7D-CB79-4E83-9EB0-1CE318C77375}.Release|Any CPU.Build.0 = Release|Any CPU
		{B4C58F67-DC2A-4773-A6C7-D119D50CC009}.Debug|Any CPU.ActiveCfg = Debug|Any CPU
		{B4C58F67-DC2A-4773-A6C7-D119D50CC009}.Debug|Any CPU.Build.0 = Debug|Any CPU
		{B4C58F67-DC2A-4773-A6C7-D119D50CC009}.Release|Any CPU.ActiveCfg = Release|Any CPU
		{B4C58F67-DC2A-4773-A6C7-D119D50CC009}.Release|Any CPU.Build.0 = Release|Any CPU
		{81776242-2FEF-43C4-BEE9-CEC622E84DC9}.Debug|Any CPU.ActiveCfg = Debug|Any CPU
		{81776242-2FEF-43C4-BEE9-CEC622E84DC9}.Debug|Any CPU.Build.0 = Debug|Any CPU
		{81776242-2FEF-43C4-BEE9-CEC622E84DC9}.Release|Any CPU.ActiveCfg = Release|Any CPU
		{81776242-2FEF-43C4-BEE9-CEC622E84DC9}.Release|Any CPU.Build.0 = Release|Any CPU
	EndGlobalSection
	GlobalSection(SolutionProperties) = preSolution
		HideSolutionNode = FALSE
	EndGlobalSection
	GlobalSection(ExtensibilityGlobals) = postSolution
		SolutionGuid = {FDD567FF-643E-4B52-B4EB-E42D65195A7E}
	EndGlobalSection
EndGlobal
