
Microsoft Visual Studio Solution File, Format Version 12.00
# Visual Studio 15
VisualStudioVersion = 15.0.26730.16
MinimumVisualStudioVersion = 10.0.40219.1
Project("{1CB5CF53-4394-4CD2-9DEB-9CB709F77ED2}") = "SampleDataFactory", "SampleDataFactory\SampleDataFactory.adfcproj", "{75924CAD-2F7F-4936-99F7-E80F6A6E60E5}"
EndProject
Global
	GlobalSection(SolutionConfigurationPlatforms) = preSolution
		Debug|Any CPU = Debug|Any CPU
		Release|Any CPU = Release|Any CPU
	EndGlobalSection
	GlobalSection(ProjectConfigurationPlatforms) = postSolution
		{75924CAD-2F7F-4936-99F7-E80F6A6E60E5}.Debug|Any CPU.ActiveCfg = Debug|Any CPU
		{75924CAD-2F7F-4936-99F7-E80F6A6E60E5}.Debug|Any CPU.Build.0 = Debug|Any CPU
		{75924CAD-2F7F-4936-99F7-E80F6A6E60E5}.Release|Any CPU.ActiveCfg = Release|Any CPU
		{75924CAD-2F7F-4936-99F7-E80F6A6E60E5}.Release|Any CPU.Build.0 = Release|Any CPU
	EndGlobalSection
	GlobalSection(SolutionProperties) = preSolution
		HideSolutionNode = FALSE
	EndGlobalSection
	GlobalSection(ExtensibilityGlobals) = postSolution
		SolutionGuid = {44C45894-5DAB-443E-90C1-078D83C41EC9}
	EndGlobalSection
EndGlobal
